// !$*UTF8*$!
{
	archiveVersion = 1;
	classes = {
	};
	objectVersion = 46;
	objects = {

/* Begin PBXBuildFile section */
		E94D55391BAEC00C00811CBD /* main.m in Sources */ = {isa = PBXBuildFile; fileRef = E94D55381BAEC00C00811CBD /* main.m */; };
		E94D553C1BAEC00C00811CBD /* AppDelegate.m in Sources */ = {isa = PBXBuildFile; fileRef = E94D553B1BAEC00C00811CBD /* AppDelegate.m */; };
		E94D553F1BAEC00C00811CBD /* ViewController.m in Sources */ = {isa = PBXBuildFile; fileRef = E94D553E1BAEC00C00811CBD /* ViewController.m */; };
		E94D55421BAEC00C00811CBD /* Main.storyboard in Resources */ = {isa = PBXBuildFile; fileRef = E94D55401BAEC00C00811CBD /* Main.storyboard */; };
		E94D55441BAEC00C00811CBD /* Images.xcassets in Resources */ = {isa = PBXBuildFile; fileRef = E94D55431BAEC00C00811CBD /* Images.xcassets */; };
		E94D55471BAEC00C00811CBD /* LaunchScreen.xib in Resources */ = {isa = PBXBuildFile; fileRef = E94D55451BAEC00C00811CBD /* LaunchScreen.xib */; };
		E94D55531BAEC00C00811CBD /* OCLearnTests.m in Sources */ = {isa = PBXBuildFile; fileRef = E94D55521BAEC00C00811CBD /* OCLearnTests.m */; };
/* End PBXBuildFile section */

/* Begin PBXContainerItemProxy section */
		E94D554D1BAEC00C00811CBD /* PBXContainerItemProxy */ = {
			isa = PBXContainerItemProxy;
			containerPortal = E94D552B1BAEC00C00811CBD /* Project object */;
			proxyType = 1;
			remoteGlobalIDString = E94D55321BAEC00C00811CBD;
			remoteInfo = OCLearn;
		};
/* End PBXContainerItemProxy section */

/* Begin PBXFileReference section */
		E94D55331BAEC00C00811CBD /* OCLearn.app */ = {isa = PBXFileReference; explicitFileType = wrapper.application; includeInIndex = 0; path = OCLearn.app; sourceTree = BUILT_PRODUCTS_DIR; };
		E94D55371BAEC00C00811CBD /* Info.plist */ = {isa = PBXFileReference; lastKnownFileType = text.plist.xml; path = Info.plist; sourceTree = "<group>"; };
		E94D55381BAEC00C00811CBD /* main.m */ = {isa = PBXFileReference; lastKnownFileType = sourcecode.c.objc; path = main.m; sourceTree = "<group>"; };
		E94D553A1BAEC00C00811CBD /* AppDelegate.h */ = {isa = PBXFileReference; lastKnownFileType = sourcecode.c.h; path = AppDelegate.h; sourceTree = "<group>"; };
		E94D553B1BAEC00C00811CBD /* AppDelegate.m */ = {isa = PBXFileReference; lastKnownFileType = sourcecode.c.objc; path = AppDelegate.m; sourceTree = "<group>"; };
		E94D553D1BAEC00C00811CBD /* ViewController.h */ = {isa = PBXFileReference; lastKnownFileType = sourcecode.c.h; path = ViewController.h; sourceTree = "<group>"; };
		E94D553E1BAEC00C00811CBD /* ViewController.m */ = {isa = PBXFileReference; lastKnownFileType = sourcecode.c.objc; path = ViewController.m; sourceTree = "<group>"; };
		E94D55411BAEC00C00811CBD /* Base */ = {isa = PBXFileReference; lastKnownFileType = file.storyboard; name = Base; path = Base.lproj/Main.storyboard; sourceTree = "<group>"; };
		E94D55431BAEC00C00811CBD /* Images.xcassets */ = {isa = PBXFileReference; lastKnownFileType = folder.assetcatalog; path = Images.xcassets; sourceTree = "<group>"; };
		E94D55461BAEC00C00811CBD /* Base */ = {isa = PBXFileReference; lastKnownFileType = file.xib; name = Base; path = Base.lproj/LaunchScreen.xib; sourceTree = "<group>"; };
		E94D554C1BAEC00C00811CBD /* OCLearnTests.xctest */ = {isa = PBXFileReference; explicitFileType = wrapper.cfbundle; includeInIndex = 0; path = OCLearnTests.xctest; sourceTree = BUILT_PRODUCTS_DIR; };
		E94D55511BAEC00C00811CBD /* Info.plist */ = {isa = PBXFileReference; lastKnownFileType = text.plist.xml; path = Info.plist; sourceTree = "<group>"; };
		E94D55521BAEC00C00811CBD /* OCLearnTests.m */ = {isa = PBXFileReference; lastKnownFileType = sourcecode.c.objc; path = OCLearnTests.m; sourceTree = "<group>"; };
/* End PBXFileReference section */

/* Begin PBXFrameworksBuildPhase section */
		E94D55301BAEC00C00811CBD /* Frameworks */ = {
			isa = PBXFrameworksBuildPhase;
			buildActionMask = 2147483647;
			files = (
			);
			runOnlyForDeploymentPostprocessing = 0;
		};
		E94D55491BAEC00C00811CBD /* Frameworks */ = {
			isa = PBXFrameworksBuildPhase;
			buildActionMask = 2147483647;
			files = (
			);
			runOnlyForDeploymentPostprocessing = 0;
		};
/* End PBXFrameworksBuildPhase section */

/* Begin PBXGroup section */
		E94D552A1BAEC00C00811CBD = {
			isa = PBXGroup;
			children = (
				E94D55351BAEC00C00811CBD /* OCLearn */,
				E94D554F1BAEC00C00811CBD /* OCLearnTests */,
				E94D55341BAEC00C00811CBD /* Products */,
			);
			sourceTree = "<group>";
		};
		E94D55341BAEC00C00811CBD /* Products */ = {
			isa = PBXGroup;
			children = (
				E94D55331BAEC00C00811CBD /* OCLearn.app */,
				E94D554C1BAEC00C00811CBD /* OCLearnTests.xctest */,
			);
			name = Products;
			sourceTree = "<group>";
		};
		E94D55351BAEC00C00811CBD /* OCLearn */ = {
			isa = PBXGroup;
			children = (
				E94D553A1BAEC00C00811CBD /* AppDelegate.h */,
				E94D553B1BAEC00C00811CBD /* AppDelegate.m */,
				E94D553D1BAEC00C00811CBD /* ViewController.h */,
				E94D553E1BAEC00C00811CBD /* ViewController.m */,
				E94D55401BAEC00C00811CBD /* Main.storyboard */,
				E94D55431BAEC00C00811CBD /* Images.xcassets */,
				E94D55451BAEC00C00811CBD /* LaunchScreen.xib */,
				E94D55361BAEC00C00811CBD /* Supporting Files */,
			);
			path = OCLearn;
			sourceTree = "<group>";
		};
		E94D55361BAEC00C00811CBD /* Supporting Files */ = {
			isa = PBXGroup;
			children = (
				E94D55371BAEC00C00811CBD /* Info.plist */,
				E94D55381BAEC00C00811CBD /* main.m */,
			);
			name = "Supporting Files";
			sourceTree = "<group>";
		};
		E94D554F1BAEC00C00811CBD /* OCLearnTests */ = {
			isa = PBXGroup;
			children = (
				E94D55521BAEC00C00811CBD /* OCLearnTests.m */,
				E94D55501BAEC00C00811CBD /* Supporting Files */,
			);
			path = OCLearnTests;
			sourceTree = "<group>";
		};
		E94D55501BAEC00C00811CBD /* Supporting Files */ = {
			isa = PBXGroup;
			children = (
				E94D55511BAEC00C00811CBD /* Info.plist */,
			);
			name = "Supporting Files";
			sourceTree = "<group>";
		};
/* End PBXGroup section */

/* Begin PBXNativeTarget section */
		E94D55321BAEC00C00811CBD /* OCLearn */ = {
			isa = PBXNativeTarget;
			buildConfigurationList = E94D55561BAEC00C00811CBD /* Build configuration list for PBXNativeTarget "OCLearn" */;
			buildPhases = (
				E94D552F1BAEC00C00811CBD /* Sources */,
				E94D55301BAEC00C00811CBD /* Frameworks */,
				E94D55311BAEC00C00811CBD /* Resources */,
			);
			buildRules = (
			);
			dependencies = (
			);
			name = OCLearn;
			productName = OCLearn;
			productReference = E94D55331BAEC00C00811CBD /* OCLearn.app */;
			productType = "com.apple.product-type.application";
		};
		E94D554B1BAEC00C00811CBD /* OCLearnTests */ = {
			isa = PBXNativeTarget;
			buildConfigurationList = E94D55591BAEC00C00811CBD /* Build configuration list for PBXNativeTarget "OCLearnTests" */;
			buildPhases = (
				E94D55481BAEC00C00811CBD /* Sources */,
				E94D55491BAEC00C00811CBD /* Frameworks */,
				E94D554A1BAEC00C00811CBD /* Resources */,
			);
			buildRules = (
			);
			dependencies = (
				E94D554E1BAEC00C00811CBD /* PBXTargetDependency */,
			);
			name = OCLearnTests;
			productName = OCLearnTests;
			productReference = E94D554C1BAEC00C00811CBD /* OCLearnTests.xctest */;
			productType = "com.apple.product-type.bundle.unit-test";
		};
/* End PBXNativeTarget section */

/* Begin PBXProject section */
		E94D552B1BAEC00C00811CBD /* Project object */ = {
			isa = PBXProject;
			attributes = {
				LastUpgradeCheck = 0610;
				ORGANIZATIONNAME = "LinShan Jiang";
				TargetAttributes = {
					E94D55321BAEC00C00811CBD = {
						CreatedOnToolsVersion = 6.1;
					};
					E94D554B1BAEC00C00811CBD = {
						CreatedOnToolsVersion = 6.1;
						TestTargetID = E94D55321BAEC00C00811CBD;
					};
				};
			};
			buildConfigurationList = E94D552E1BAEC00C00811CBD /* Build configuration list for PBXProject "OCLearn" */;
			compatibilityVersion = "Xcode 3.2";
			developmentRegion = English;
			hasScannedForEncodings = 0;
			knownRegions = (
				en,
				Base,
			);
			mainGroup = E94D552A1BAEC00C00811CBD;
			productRefGroup = E94D55341BAEC00C00811CBD /* Products */;
			projectDirPath = "";
			projectRoot = "";
			targets = (
				E94D55321BAEC00C00811CBD /* OCLearn */,
				E94D554B1BAEC00C00811CBD /* OCLearnTests */,
			);
		};
/* End PBXProject section */

/* Begin PBXResourcesBuildPhase section */
		E94D55311BAEC00C00811CBD /* Resources */ = {
			isa = PBXResourcesBuildPhase;
			buildActionMask = 2147483647;
			files = (
				E94D55421BAEC00C00811CBD /* Main.storyboard in Resources */,
				E94D55471BAEC00C00811CBD /* LaunchScreen.xib in Resources */,
				E94D55441BAEC00C00811CBD /* Images.xcassets in Resources */,
			);
			runOnlyForDeploymentPostprocessing = 0;
		};
		E94D554A1BAEC00C00811CBD /* Resources */ = {
			isa = PBXResourcesBuildPhase;
			buildActionMask = 2147483647;
			files = (
			);
			runOnlyForDeploymentPostprocessing = 0;
		};
/* End PBXResourcesBuildPhase section */

/* Begin PBXSourcesBuildPhase section */
		E94D552F1BAEC00C00811CBD /* Sources */ = {
			isa = PBXSourcesBuildPhase;
			buildActionMask = 2147483647;
			files = (
				E94D553F1BAEC00C00811CBD /* ViewController.m in Sources */,
				E94D553C1BAEC00C00811CBD /* AppDelegate.m in Sources */,
				E94D55391BAEC00C00811CBD /* main.m in Sources */,
			);
			runOnlyForDeploymentPostprocessing = 0;
		};
		E94D55481BAEC00C00811CBD /* Sources */ = {
			isa = PBXSourcesBuildPhase;
			buildActionMask = 2147483647;
			files = (
				E94D55531BAEC00C00811CBD /* OCLearnTests.m in Sources */,
			);
			runOnlyForDeploymentPostprocessing = 0;
		};
/* End PBXSourcesBuildPhase section */

/* Begin PBXTargetDependency section */
		E94D554E1BAEC00C00811CBD /* PBXTargetDependency */ = {
			isa = PBXTargetDependency;
			target = E94D55321BAEC00C00811CBD /* OCLearn */;
			targetProxy = E94D554D1BAEC00C00811CBD /* PBXContainerItemProxy */;
		};
/* End PBXTargetDependency section */

/* Begin PBXVariantGroup section */
		E94D55401BAEC00C00811CBD /* Main.storyboard */ = {
			isa = PBXVariantGroup;
			children = (
				E94D55411BAEC00C00811CBD /* Base */,
			);
			name = Main.storyboard;
			sourceTree = "<group>";
		};
		E94D55451BAEC00C00811CBD /* LaunchScreen.xib */ = {
			isa = PBXVariantGroup;
			children = (
				E94D55461BAEC00C00811CBD /* Base */,
			);
			name = LaunchScreen.xib;
			sourceTree = "<group>";
		};
/* End PBXVariantGroup section */

/* Begin XCBuildConfiguration section */
		E94D55541BAEC00C00811CBD /* Debug */ = {
			isa = XCBuildConfiguration;
			buildSettings = {
				ALWAYS_SEARCH_USER_PATHS = NO;
				CLANG_CXX_LANGUAGE_STANDARD = "gnu++0x";
				CLANG_CXX_LIBRARY = "libc++";
				CLANG_ENABLE_MODULES = YES;
				CLANG_ENABLE_OBJC_ARC = YES;
				CLANG_WARN_BOOL_CONVERSION = YES;
				CLANG_WARN_CONSTANT_CONVERSION = YES;
				CLANG_WARN_DIRECT_OBJC_ISA_USAGE = YES_ERROR;
				CLANG_WARN_EMPTY_BODY = YES;
				CLANG_WARN_ENUM_CONVERSION = YES;
				CLANG_WARN_INT_CONVERSION = YES;
				CLANG_WARN_OBJC_ROOT_CLASS = YES_ERROR;
				CLANG_WARN_UNREACHABLE_CODE = YES;
				CLANG_WARN__DUPLICATE_METHOD_MATCH = YES;
				"CODE_SIGN_IDENTITY[sdk=iphoneos*]" = "iPhone Developer";
				COPY_PHASE_STRIP = NO;
				ENABLE_STRICT_OBJC_MSGSEND = YES;
				GCC_C_LANGUAGE_STANDARD = gnu99;
				GCC_DYNAMIC_NO_PIC = NO;
				GCC_OPTIMIZATION_LEVEL = 0;
				GCC_PREPROCESSOR_DEFINITIONS = (
					"DEBUG=1",
					"$(inherited)",
				);
				GCC_SYMBOLS_PRIVATE_EXTERN = NO;
				GCC_WARN_64_TO_32_BIT_CONVERSION = YES;
				GCC_WARN_ABOUT_RETURN_TYPE = YES_ERROR;
				GCC_WARN_UNDECLARED_SELECTOR = YES;
				GCC_WARN_UNINITIALIZED_AUTOS = YES_AGGRESSIVE;
				GCC_WARN_UNUSED_FUNCTION = YES;
				GCC_WARN_UNUSED_VARIABLE = YES;
				IPHONEOS_DEPLOYMENT_TARGET = 8.1;
				MTL_ENABLE_DEBUG_INFO = YES;
				ONLY_ACTIVE_ARCH = YES;
				SDKROOT = iphoneos;
				TARGETED_DEVICE_FAMILY = "1,2";
			};
			name = Debug;
		};
		E94D55551BAEC00C00811CBD /* Release */ = {
			isa = XCBuildConfiguration;
			buildSettings = {
				ALWAYS_SEARCH_USER_PATHS = NO;
				CLANG_CXX_LANGUAGE_STANDARD = "gnu++0x";
				CLANG_CXX_LIBRARY = "libc++";
				CLANG_ENABLE_MODULES = YES;
				CLANG_ENABLE_OBJC_ARC = YES;
				CLANG_WARN_BOOL_CONVERSION = YES;
				CLANG_WARN_CONSTANT_CONVERSION = YES;
				CLANG_WARN_DIRECT_OBJC_ISA_USAGE = YES_ERROR;
				CLANG_WARN_EMPTY_BODY = YES;
				CLANG_WARN_ENUM_CONVERSION = YES;
				CLANG_WARN_INT_CONVERSION = YES;
				CLANG_WARN_OBJC_ROOT_CLASS = YES_ERROR;
				CLANG_WARN_UNREACHABLE_CODE = YES;
				CLANG_WARN__DUPLICATE_METHOD_MATCH = YES;
				"CODE_SIGN_IDENTITY[sdk=iphoneos*]" = "iPhone Developer";
				COPY_PHASE_STRIP = YES;
				ENABLE_NS_ASSERTIONS = NO;
				ENABLE_STRICT_OBJC_MSGSEND = YES;
				GCC_C_LANGUAGE_STANDARD = gnu99;
				GCC_WARN_64_TO_32_BIT_CONVERSION = YES;
				GCC_WARN_ABOUT_RETURN_TYPE = YES_ERROR;
				GCC_WARN_UNDECLARED_SELECTOR = YES;
				GCC_WARN_UNINITIALIZED_AUTOS = YES_AGGRESSIVE;
				GCC_WARN_UNUSED_FUNCTION = YES;
				GCC_WARN_UNUSED_VARIABLE = YES;
				IPHONEOS_DEPLOYMENT_TARGET = 8.1;
				MTL_ENABLE_DEBUG_INFO = NO;
				SDKROOT = iphoneos;
				TARGETED_DEVICE_FAMILY = "1,2";
				VALIDATE_PRODUCT = YES;
			};
			name = Release;
		};
		E94D55571BAEC00C00811CBD /* Debug */ = {
			isa = XCBuildConfiguration;
			buildSettings = {
				ASSETCATALOG_COMPILER_APPICON_NAME = AppIcon;
				INFOPLIST_FILE = OCLearn/Info.plist;
				LD_RUNPATH_SEARCH_PATHS = "$(inherited) @executable_path/Frameworks";
				PRODUCT_NAME = "$(TARGET_NAME)";
			};
			name = Debug;
		};
		E94D55581BAEC00C00811CBD /* Release */ = {
			isa = XCBuildConfiguration;
			buildSettings = {
				ASSETCATALOG_COMPILER_APPICON_NAME = AppIcon;
				INFOPLIST_FILE = OCLearn/Info.plist;
				LD_RUNPATH_SEARCH_PATHS = "$(inherited) @executable_path/Frameworks";
				PRODUCT_NAME = "$(TARGET_NAME)";
			};
			name = Release;
		};
		E94D555A1BAEC00C00811CBD /* Debug */ = {
			isa = XCBuildConfiguration;
			buildSettings = {
				BUNDLE_LOADER = "$(TEST_HOST)";
				FRAMEWORK_SEARCH_PATHS = (
					"$(SDKROOT)/Developer/Library/Frameworks",
					"$(inherited)",
				);
				GCC_PREPROCESSOR_DEFINITIONS = (
					"DEBUG=1",
					"$(inherited)",
				);
				INFOPLIST_FILE = OCLearnTests/Info.plist;
				LD_RUNPATH_SEARCH_PATHS = "$(inherited) @executable_path/Frameworks @loader_path/Frameworks";
				PRODUCT_NAME = "$(TARGET_NAME)";
				TEST_HOST = "$(BUILT_PRODUCTS_DIR)/OCLearn.app/OCLearn";
			};
			name = Debug;
		};
		E94D555B1BAEC00C00811CBD /* Release */ = {
			isa = XCBuildConfiguration;
			buildSettings = {
				BUNDLE_LOADER = "$(TEST_HOST)";
				FRAMEWORK_SEARCH_PATHS = (
					"$(SDKROOT)/Developer/Library/Frameworks",
					"$(inherited)",
				);
				INFOPLIST_FILE = OCLearnTests/Info.plist;
				LD_RUNPATH_SEARCH_PATHS = "$(inherited) @executable_path/Frameworks @loader_path/Frameworks";
				PRODUCT_NAME = "$(TARGET_NAME)";
				TEST_HOST = "$(BUILT_PRODUCTS_DIR)/OCLearn.app/OCLearn";
			};
			name = Release;
		};
/* End XCBuildConfiguration section */

/* Begin XCConfigurationList section */
		E94D552E1BAEC00C00811CBD /* Build configuration list for PBXProject "OCLearn" */ = {
			isa = XCConfigurationList;
			buildConfigurations = (
				E94D55541BAEC00C00811CBD /* Debug */,
				E94D55551BAEC00C00811CBD /* Release */,
			);
			defaultConfigurationIsVisible = 0;
			defaultConfigurationName = Release;
		};
		E94D55561BAEC00C00811CBD /* Build configuration list for PBXNativeTarget "OCLearn" */ = {
			isa = XCConfigurationList;
			buildConfigurations = (
				E94D55571BAEC00C00811CBD /* Debug */,
				E94D55581BAEC00C00811CBD /* Release */,
			);
			defaultConfigurationIsVisible = 0;
		};
		E94D55591BAEC00C00811CBD /* Build configuration list for PBXNativeTarget "OCLearnTests" */ = {
			isa = XCConfigurationList;
			buildConfigurations = (
				E94D555A1BAEC00C00811CBD /* Debug */,
				E94D555B1BAEC00C00811CBD /* Release */,
			);
			defaultConfigurationIsVisible = 0;
		};
/* End XCConfigurationList section */
	};
	rootObject = E94D552B1BAEC00C00811CBD /* Project object */;
}
